
Microsoft Visual Studio Solution File, Format Version 12.00
# Visual Studio Version 17
VisualStudioVersion = 17.6.33815.320
MinimumVisualStudioVersion = 10.0.40219.1
Project("{FAE04EC0-301F-11D3-BF4B-00C04F79EFBC}") = "STMRRPP_PT2", "STMRRPP_PT2.csproj", "{B9584BA1-F734-4403-89C8-57688F88598E}"
EndProject
Global
	GlobalSection(SolutionConfigurationPlatforms) = preSolution
		Debug|Any CPU = Debug|Any CPU
		Release|Any CPU = Release|Any CPU
	EndGlobalSection
	GlobalSection(ProjectConfigurationPlatforms) = postSolution
		{B9584BA1-F734-4403-89C8-57688F88598E}.Debug|Any CPU.ActiveCfg = Debug|Any CPU
		{B9584BA1-F734-4403-89C8-57688F88598E}.Debug|Any CPU.Build.0 = Debug|Any CPU
		{B9584BA1-F734-4403-89C8-57688F88598E}.Release|Any CPU.ActiveCfg = Release|Any CPU
		{B9584BA1-F734-4403-89C8-57688F88598E}.Release|Any CPU.Build.0 = Release|Any CPU
	EndGlobalSection
	GlobalSection(SolutionProperties) = preSolution
		HideSolutionNode = FALSE
	EndGlobalSection
	GlobalSection(ExtensibilityGlobals) = postSolution
		SolutionGuid = {371F94B8-CB07-44D2-9DA8-B122AF7F9DE7}
	EndGlobalSection
EndGlobal
